
Microsoft Visual Studio Solution File, Format Version 12.00
# Visual Studio Version 17
VisualStudioVersion = 17.13.35825.156
MinimumVisualStudioVersion = 10.0.40219.1
Project("{FAE04EC0-301F-11D3-BF4B-00C04F79EFBC}") = "SimpleNick", "NickPlugin\SimpleNick.csproj", "{FCDF2C4E-9F2A-472A-A5AD-722215706407}"
EndProject
Global
	GlobalSection(SolutionConfigurationPlatforms) = preSolution
		Debug|Any CPU = Debug|Any CPU
		Release|Any CPU = Release|Any CPU
	EndGlobalSection
	GlobalSection(ProjectConfigurationPlatforms) = postSolution
		{FCDF2C4E-9F2A-472A-A5AD-722215706407}.Debug|Any CPU.ActiveCfg = Debug|Any CPU
		{FCDF2C4E-9F2A-472A-A5AD-722215706407}.Debug|Any CPU.Build.0 = Debug|Any CPU
		{FCDF2C4E-9F2A-472A-A5AD-722215706407}.Release|Any CPU.ActiveCfg = Release|Any CPU
		{FCDF2C4E-9F2A-472A-A5AD-722215706407}.Release|Any CPU.Build.0 = Release|Any CPU
	EndGlobalSection
	GlobalSection(SolutionProperties) = preSolution
		HideSolutionNode = FALSE
	EndGlobalSection
	GlobalSection(ExtensibilityGlobals) = postSolution
		SolutionGuid = {CECA90A4-49BB-4D32-89C1-8FC7C974E9F5}
	EndGlobalSection
EndGlobal
